
Microsoft Visual Studio Solution File, Format Version 12.00
# Visual Studio Version 17
VisualStudioVersion = 17.13.35828.75 d17.13
MinimumVisualStudioVersion = 10.0.40219.1
Project("{FAE04EC0-301F-11D3-BF4B-00C04F79EFBC}") = "WebApplication1", "WebApplication1\WebApplication1.csproj", "{44294F67-D6EF-4BCF-8BCA-E849AB1496C9}"
EndProject
Global
	GlobalSection(SolutionConfigurationPlatforms) = preSolution
		Debug|Any CPU = Debug|Any CPU
		Release|Any CPU = Release|Any CPU
	EndGlobalSection
	GlobalSection(ProjectConfigurationPlatforms) = postSolution
		{44294F67-D6EF-4BCF-8BCA-E849AB1496C9}.Debug|Any CPU.ActiveCfg = Debug|Any CPU
		{44294F67-D6EF-4BCF-8BCA-E849AB1496C9}.Debug|Any CPU.Build.0 = Debug|Any CPU
		{44294F67-D6EF-4BCF-8BCA-E849AB1496C9}.Release|Any CPU.ActiveCfg = Release|Any CPU
		{44294F67-D6EF-4BCF-8BCA-E849AB1496C9}.Release|Any CPU.Build.0 = Release|Any CPU
	EndGlobalSection
	GlobalSection(SolutionProperties) = preSolution
		HideSolutionNode = FALSE
	EndGlobalSection
	GlobalSection(ExtensibilityGlobals) = postSolution
		SolutionGuid = {791FFDF8-6F9F-4FF1-953A-DAE053D6BCEC}
	EndGlobalSection
EndGlobal
